
Microsoft Visual Studio Solution File, Format Version 12.00
Project("{FAE04EC0-301F-11D3-BF4B-00C04F79EFBC}") = "message-generator", "message-generator\message-generator.csproj", "{F3D2F747-DA5D-4A78-BEA7-A9EA33F47A5C}"
EndProject
Project("{FAE04EC0-301F-11D3-BF4B-00C04F79EFBC}") = "messages-parser", "messages-parser\messages-parser.csproj", "{067F2A06-3C37-4560-81F2-60508A6374BF}"
EndProject
Project("{FAE04EC0-301F-11D3-BF4B-00C04F79EFBC}") = "message-model", "message-model\message-model.csproj", "{4BE235C5-DDA6-4FD7-BF2A-5BFDE41C7A92}"
EndProject
Project("{FAE04EC0-301F-11D3-BF4B-00C04F79EFBC}") = "test-model", "test-model\test-model.csproj", "{4B8BEEB2-17C6-4553-8310-3BD2F954055D}"
EndProject
Project("{FAE04EC0-301F-11D3-BF4B-00C04F79EFBC}") = "message-builder", "message-builder\message-builder.csproj", "{15038537-F971-4022-9867-B062F24ED66E}"
EndProject
Project("{FAE04EC0-301F-11D3-BF4B-00C04F79EFBC}") = "test-builders", "test-builders\test-builders.csproj", "{6CE99E53-8715-4127-8DBB-EF4E4DF55F35}"
EndProject
Project("{FAE04EC0-301F-11D3-BF4B-00C04F79EFBC}") = "message-adapter", "message-adapter\message-adapter.csproj", "{D4801A28-3298-4A96-9765-7FAD944C44D1}"
EndProject
Project("{FAE04EC0-301F-11D3-BF4B-00C04F79EFBC}") = "test-adapters", "test-adapters\test-adapters.csproj", "{C0CDD91D-28C0-48EC-84EA-B981381E9315}"
EndProject
Project("{FAE04EC0-301F-11D3-BF4B-00C04F79EFBC}") = "file-logger", "file-logger\file-logger.csproj", "{0B34E936-03D5-4FD5-A4E3-0568401FBF11}"
EndProject
Project("{FAE04EC0-301F-11D3-BF4B-00C04F79EFBC}") = "adapter-interface", "adapter-interface\adapter-interface.csproj", "{9C0C4BA7-204C-41E1-8809-35A3BFBE43BA}"
EndProject
Global
	GlobalSection(SolutionConfigurationPlatforms) = preSolution
		Debug|Any CPU = Debug|Any CPU
		Release|Any CPU = Release|Any CPU
	EndGlobalSection
	GlobalSection(ProjectConfigurationPlatforms) = postSolution
		{F3D2F747-DA5D-4A78-BEA7-A9EA33F47A5C}.Debug|Any CPU.ActiveCfg = Debug|Any CPU
		{F3D2F747-DA5D-4A78-BEA7-A9EA33F47A5C}.Debug|Any CPU.Build.0 = Debug|Any CPU
		{F3D2F747-DA5D-4A78-BEA7-A9EA33F47A5C}.Release|Any CPU.ActiveCfg = Release|Any CPU
		{F3D2F747-DA5D-4A78-BEA7-A9EA33F47A5C}.Release|Any CPU.Build.0 = Release|Any CPU
		{067F2A06-3C37-4560-81F2-60508A6374BF}.Debug|Any CPU.ActiveCfg = Debug|Any CPU
		{067F2A06-3C37-4560-81F2-60508A6374BF}.Debug|Any CPU.Build.0 = Debug|Any CPU
		{067F2A06-3C37-4560-81F2-60508A6374BF}.Release|Any CPU.ActiveCfg = Release|Any CPU
		{067F2A06-3C37-4560-81F2-60508A6374BF}.Release|Any CPU.Build.0 = Release|Any CPU
		{4BE235C5-DDA6-4FD7-BF2A-5BFDE41C7A92}.Debug|Any CPU.ActiveCfg = Debug|Any CPU
		{4BE235C5-DDA6-4FD7-BF2A-5BFDE41C7A92}.Debug|Any CPU.Build.0 = Debug|Any CPU
		{4BE235C5-DDA6-4FD7-BF2A-5BFDE41C7A92}.Release|Any CPU.ActiveCfg = Release|Any CPU
		{4BE235C5-DDA6-4FD7-BF2A-5BFDE41C7A92}.Release|Any CPU.Build.0 = Release|Any CPU
		{4B8BEEB2-17C6-4553-8310-3BD2F954055D}.Debug|Any CPU.ActiveCfg = Debug|Any CPU
		{4B8BEEB2-17C6-4553-8310-3BD2F954055D}.Debug|Any CPU.Build.0 = Debug|Any CPU
		{4B8BEEB2-17C6-4553-8310-3BD2F954055D}.Release|Any CPU.ActiveCfg = Release|Any CPU
		{4B8BEEB2-17C6-4553-8310-3BD2F954055D}.Release|Any CPU.Build.0 = Release|Any CPU
		{15038537-F971-4022-9867-B062F24ED66E}.Debug|Any CPU.ActiveCfg = Debug|Any CPU
		{15038537-F971-4022-9867-B062F24ED66E}.Debug|Any CPU.Build.0 = Debug|Any CPU
		{15038537-F971-4022-9867-B062F24ED66E}.Release|Any CPU.ActiveCfg = Release|Any CPU
		{15038537-F971-4022-9867-B062F24ED66E}.Release|Any CPU.Build.0 = Release|Any CPU
		{6CE99E53-8715-4127-8DBB-EF4E4DF55F35}.Debug|Any CPU.ActiveCfg = Debug|Any CPU
		{6CE99E53-8715-4127-8DBB-EF4E4DF55F35}.Debug|Any CPU.Build.0 = Debug|Any CPU
		{6CE99E53-8715-4127-8DBB-EF4E4DF55F35}.Release|Any CPU.ActiveCfg = Release|Any CPU
		{6CE99E53-8715-4127-8DBB-EF4E4DF55F35}.Release|Any CPU.Build.0 = Release|Any CPU
		{D4801A28-3298-4A96-9765-7FAD944C44D1}.Debug|Any CPU.ActiveCfg = Debug|Any CPU
		{D4801A28-3298-4A96-9765-7FAD944C44D1}.Debug|Any CPU.Build.0 = Debug|Any CPU
		{D4801A28-3298-4A96-9765-7FAD944C44D1}.Release|Any CPU.ActiveCfg = Release|Any CPU
		{D4801A28-3298-4A96-9765-7FAD944C44D1}.Release|Any CPU.Build.0 = Release|Any CPU
		{C0CDD91D-28C0-48EC-84EA-B981381E9315}.Debug|Any CPU.ActiveCfg = Debug|Any CPU
		{C0CDD91D-28C0-48EC-84EA-B981381E9315}.Debug|Any CPU.Build.0 = Debug|Any CPU
		{C0CDD91D-28C0-48EC-84EA-B981381E9315}.Release|Any CPU.ActiveCfg = Release|Any CPU
		{C0CDD91D-28C0-48EC-84EA-B981381E9315}.Release|Any CPU.Build.0 = Release|Any CPU
		{0B34E936-03D5-4FD5-A4E3-0568401FBF11}.Debug|Any CPU.ActiveCfg = Debug|Any CPU
		{0B34E936-03D5-4FD5-A4E3-0568401FBF11}.Debug|Any CPU.Build.0 = Debug|Any CPU
		{0B34E936-03D5-4FD5-A4E3-0568401FBF11}.Release|Any CPU.ActiveCfg = Release|Any CPU
		{0B34E936-03D5-4FD5-A4E3-0568401FBF11}.Release|Any CPU.Build.0 = Release|Any CPU
		{9C0C4BA7-204C-41E1-8809-35A3BFBE43BA}.Debug|Any CPU.ActiveCfg = Debug|Any CPU
		{9C0C4BA7-204C-41E1-8809-35A3BFBE43BA}.Debug|Any CPU.Build.0 = Debug|Any CPU
		{9C0C4BA7-204C-41E1-8809-35A3BFBE43BA}.Release|Any CPU.ActiveCfg = Release|Any CPU
		{9C0C4BA7-204C-41E1-8809-35A3BFBE43BA}.Release|Any CPU.Build.0 = Release|Any CPU
	EndGlobalSection
EndGlobal
